
Microsoft Visual Studio Solution File, Format Version 12.00
# Visual Studio 15
VisualStudioVersion = 15.0.28010.0
MinimumVisualStudioVersion = 10.0.40219.1
Project("{FAE04EC0-301F-11D3-BF4B-00C04F79EFBC}") = "Colecciones P8", "Colecciones P8\Colecciones P8.csproj", "{2E52215B-3E9D-4759-89C7-D27D1C1EEF7A}"
EndProject
Global
	GlobalSection(SolutionConfigurationPlatforms) = preSolution
		Debug|Any CPU = Debug|Any CPU
		Release|Any CPU = Release|Any CPU
	EndGlobalSection
	GlobalSection(ProjectConfigurationPlatforms) = postSolution
		{2E52215B-3E9D-4759-89C7-D27D1C1EEF7A}.Debug|Any CPU.ActiveCfg = Debug|Any CPU
		{2E52215B-3E9D-4759-89C7-D27D1C1EEF7A}.Debug|Any CPU.Build.0 = Debug|Any CPU
		{2E52215B-3E9D-4759-89C7-D27D1C1EEF7A}.Release|Any CPU.ActiveCfg = Release|Any CPU
		{2E52215B-3E9D-4759-89C7-D27D1C1EEF7A}.Release|Any CPU.Build.0 = Release|Any CPU
	EndGlobalSection
	GlobalSection(SolutionProperties) = preSolution
		HideSolutionNode = FALSE
	EndGlobalSection
	GlobalSection(ExtensibilityGlobals) = postSolution
		SolutionGuid = {5FABA263-459D-47A5-B4C2-B0DDF5DF6E31}
	EndGlobalSection
EndGlobal
